
Microsoft Visual Studio Solution File, Format Version 12.00
# Visual Studio 14
VisualStudioVersion = 14.0.25420.1
MinimumVisualStudioVersion = 10.0.40219.1
Project("{FAE04EC0-301F-11D3-BF4B-00C04F79EFBC}") = "Form.Droid", "Form\Form.Droid\Form.Droid.csproj", "{348FA3B2-19A9-44B4-B44E-FE7C5687BFAB}"
EndProject
Project("{FAE04EC0-301F-11D3-BF4B-00C04F79EFBC}") = "Form.iOS", "Form\Form.iOS\Form.iOS.csproj", "{BA572876-8AD5-441A-88A5-CB9055DF6FFA}"
EndProject
Project("{FAE04EC0-301F-11D3-BF4B-00C04F79EFBC}") = "Form.WinPhone", "Form\Form.WinPhone\Form.WinPhone.csproj", "{ED3AC736-D780-41B8-ACB1-74778C497B43}"
EndProject
Project("{FAE04EC0-301F-11D3-BF4B-00C04F79EFBC}") = "Form.UWP", "Form\Form.UWP\Form.UWP.csproj", "{229B3580-0D4E-4568-9863-D539D7EA710E}"
EndProject
Project("{FAE04EC0-301F-11D3-BF4B-00C04F79EFBC}") = "Form.Windows", "Form\Form.Windows\Form.Windows.csproj", "{03ACB17D-0D1C-470F-82CC-577BA7926218}"
EndProject
Project("{FAE04EC0-301F-11D3-BF4B-00C04F79EFBC}") = "Form", "Form\Form\Form.csproj", "{7D7E2839-7981-411C-92FD-AEFFD256F92B}"
EndProject
Global
	GlobalSection(SolutionConfigurationPlatforms) = preSolution
		Ad-Hoc|Any CPU = Ad-Hoc|Any CPU
		Ad-Hoc|ARM = Ad-Hoc|ARM
		Ad-Hoc|iPhone = Ad-Hoc|iPhone
		Ad-Hoc|iPhoneSimulator = Ad-Hoc|iPhoneSimulator
		Ad-Hoc|x64 = Ad-Hoc|x64
		Ad-Hoc|x86 = Ad-Hoc|x86
		AppStore|Any CPU = AppStore|Any CPU
		AppStore|ARM = AppStore|ARM
		AppStore|iPhone = AppStore|iPhone
		AppStore|iPhoneSimulator = AppStore|iPhoneSimulator
		AppStore|x64 = AppStore|x64
		AppStore|x86 = AppStore|x86
		Debug|Any CPU = Debug|Any CPU
		Debug|ARM = Debug|ARM
		Debug|iPhone = Debug|iPhone
		Debug|iPhoneSimulator = Debug|iPhoneSimulator
		Debug|x64 = Debug|x64
		Debug|x86 = Debug|x86
		Release|Any CPU = Release|Any CPU
		Release|ARM = Release|ARM
		Release|iPhone = Release|iPhone
		Release|iPhoneSimulator = Release|iPhoneSimulator
		Release|x64 = Release|x64
		Release|x86 = Release|x86
	EndGlobalSection
	GlobalSection(ProjectConfigurationPlatforms) = postSolution
		{348FA3B2-19A9-44B4-B44E-FE7C5687BFAB}.Ad-Hoc|Any CPU.ActiveCfg = Release|Any CPU
		{348FA3B2-19A9-44B4-B44E-FE7C5687BFAB}.Ad-Hoc|Any CPU.Build.0 = Release|Any CPU
		{348FA3B2-19A9-44B4-B44E-FE7C5687BFAB}.Ad-Hoc|Any CPU.Deploy.0 = Release|Any CPU
		{348FA3B2-19A9-44B4-B44E-FE7C5687BFAB}.Ad-Hoc|ARM.ActiveCfg = Release|Any CPU
		{348FA3B2-19A9-44B4-B44E-FE7C5687BFAB}.Ad-Hoc|ARM.Build.0 = Release|Any CPU
		{348FA3B2-19A9-44B4-B44E-FE7C5687BFAB}.Ad-Hoc|ARM.Deploy.0 = Release|Any CPU
		{348FA3B2-19A9-44B4-B44E-FE7C5687BFAB}.Ad-Hoc|iPhone.ActiveCfg = Release|Any CPU
		{348FA3B2-19A9-44B4-B44E-FE7C5687BFAB}.Ad-Hoc|iPhone.Build.0 = Release|Any CPU
		{348FA3B2-19A9-44B4-B44E-FE7C5687BFAB}.Ad-Hoc|iPhone.Deploy.0 = Release|Any CPU
		{348FA3B2-19A9-44B4-B44E-FE7C5687BFAB}.Ad-Hoc|iPhoneSimulator.ActiveCfg = Release|Any CPU
		{348FA3B2-19A9-44B4-B44E-FE7C5687BFAB}.Ad-Hoc|iPhoneSimulator.Build.0 = Release|Any CPU
		{348FA3B2-19A9-44B4-B44E-FE7C5687BFAB}.Ad-Hoc|iPhoneSimulator.Deploy.0 = Release|Any CPU
		{348FA3B2-19A9-44B4-B44E-FE7C5687BFAB}.Ad-Hoc|x64.ActiveCfg = Release|Any CPU
		{348FA3B2-19A9-44B4-B44E-FE7C5687BFAB}.Ad-Hoc|x64.Build.0 = Release|Any CPU
		{348FA3B2-19A9-44B4-B44E-FE7C5687BFAB}.Ad-Hoc|x64.Deploy.0 = Release|Any CPU
		{348FA3B2-19A9-44B4-B44E-FE7C5687BFAB}.Ad-Hoc|x86.ActiveCfg = Release|Any CPU
		{348FA3B2-19A9-44B4-B44E-FE7C5687BFAB}.Ad-Hoc|x86.Build.0 = Release|Any CPU
		{348FA3B2-19A9-44B4-B44E-FE7C5687BFAB}.Ad-Hoc|x86.Deploy.0 = Release|Any CPU
		{348FA3B2-19A9-44B4-B44E-FE7C5687BFAB}.AppStore|Any CPU.ActiveCfg = Release|Any CPU
		{348FA3B2-19A9-44B4-B44E-FE7C5687BFAB}.AppStore|Any CPU.Build.0 = Release|Any CPU
		{348FA3B2-19A9-44B4-B44E-FE7C5687BFAB}.AppStore|Any CPU.Deploy.0 = Release|Any CPU
		{348FA3B2-19A9-44B4-B44E-FE7C5687BFAB}.AppStore|ARM.ActiveCfg = Release|Any CPU
		{348FA3B2-19A9-44B4-B44E-FE7C5687BFAB}.AppStore|ARM.Build.0 = Release|Any CPU
		{348FA3B2-19A9-44B4-B44E-FE7C5687BFAB}.AppStore|ARM.Deploy.0 = Release|Any CPU
		{348FA3B2-19A9-44B4-B44E-FE7C5687BFAB}.AppStore|iPhone.ActiveCfg = Release|Any CPU
		{348FA3B2-19A9-44B4-B44E-FE7C5687BFAB}.AppStore|iPhone.Build.0 = Release|Any CPU
		{348FA3B2-19A9-44B4-B44E-FE7C5687BFAB}.AppStore|iPhone.Deploy.0 = Release|Any CPU
		{348FA3B2-19A9-44B4-B44E-FE7C5687BFAB}.AppStore|iPhoneSimulator.ActiveCfg = Release|Any CPU
		{348FA3B2-19A9-44B4-B44E-FE7C5687BFAB}.AppStore|iPhoneSimulator.Build.0 = Release|Any CPU
		{348FA3B2-19A9-44B4-B44E-FE7C5687BFAB}.AppStore|iPhoneSimulator.Deploy.0 = Release|Any CPU
		{348FA3B2-19A9-44B4-B44E-FE7C5687BFAB}.AppStore|x64.ActiveCfg = Release|Any CPU
		{348FA3B2-19A9-44B4-B44E-FE7C5687BFAB}.AppStore|x64.Build.0 = Release|Any CPU
		{348FA3B2-19A9-44B4-B44E-FE7C5687BFAB}.AppStore|x64.Deploy.0 = Release|Any CPU
		{348FA3B2-19A9-44B4-B44E-FE7C5687BFAB}.AppStore|x86.ActiveCfg = Release|Any CPU
		{348FA3B2-19A9-44B4-B44E-FE7C5687BFAB}.AppStore|x86.Build.0 = Release|Any CPU
		{348FA3B2-19A9-44B4-B44E-FE7C5687BFAB}.AppStore|x86.Deploy.0 = Release|Any CPU
		{348FA3B2-19A9-44B4-B44E-FE7C5687BFAB}.Debug|Any CPU.ActiveCfg = Debug|Any CPU
		{348FA3B2-19A9-44B4-B44E-FE7C5687BFAB}.Debug|Any CPU.Build.0 = Debug|Any CPU
		{348FA3B2-19A9-44B4-B44E-FE7C5687BFAB}.Debug|Any CPU.Deploy.0 = Debug|Any CPU
		{348FA3B2-19A9-44B4-B44E-FE7C5687BFAB}.Debug|ARM.ActiveCfg = Debug|Any CPU
		{348FA3B2-19A9-44B4-B44E-FE7C5687BFAB}.Debug|ARM.Build.0 = Debug|Any CPU
		{348FA3B2-19A9-44B4-B44E-FE7C5687BFAB}.Debug|ARM.Deploy.0 = Debug|Any CPU
		{348FA3B2-19A9-44B4-B44E-FE7C5687BFAB}.Debug|iPhone.ActiveCfg = Debug|Any CPU
		{348FA3B2-19A9-44B4-B44E-FE7C5687BFAB}.Debug|iPhone.Build.0 = Debug|Any CPU
		{348FA3B2-19A9-44B4-B44E-FE7C5687BFAB}.Debug|iPhone.Deploy.0 = Debug|Any CPU
		{348FA3B2-19A9-44B4-B44E-FE7C5687BFAB}.Debug|iPhoneSimulator.ActiveCfg = Debug|Any CPU
		{348FA3B2-19A9-44B4-B44E-FE7C5687BFAB}.Debug|iPhoneSimulator.Build.0 = Debug|Any CPU
		{348FA3B2-19A9-44B4-B44E-FE7C5687BFAB}.Debug|iPhoneSimulator.Deploy.0 = Debug|Any CPU
		{348FA3B2-19A9-44B4-B44E-FE7C5687BFAB}.Debug|x64.ActiveCfg = Debug|Any CPU
		{348FA3B2-19A9-44B4-B44E-FE7C5687BFAB}.Debug|x64.Build.0 = Debug|Any CPU
		{348FA3B2-19A9-44B4-B44E-FE7C5687BFAB}.Debug|x64.Deploy.0 = Debug|Any CPU
		{348FA3B2-19A9-44B4-B44E-FE7C5687BFAB}.Debug|x86.ActiveCfg = Debug|Any CPU
		{348FA3B2-19A9-44B4-B44E-FE7C5687BFAB}.Debug|x86.Build.0 = Debug|Any CPU
		{348FA3B2-19A9-44B4-B44E-FE7C5687BFAB}.Debug|x86.Deploy.0 = Debug|Any CPU
		{348FA3B2-19A9-44B4-B44E-FE7C5687BFAB}.Release|Any CPU.ActiveCfg = Release|Any CPU
		{348FA3B2-19A9-44B4-B44E-FE7C5687BFAB}.Release|Any CPU.Build.0 = Release|Any CPU
		{348FA3B2-19A9-44B4-B44E-FE7C5687BFAB}.Release|Any CPU.Deploy.0 = Release|Any CPU
		{348FA3B2-19A9-44B4-B44E-FE7C5687BFAB}.Release|ARM.ActiveCfg = Release|Any CPU
		{348FA3B2-19A9-44B4-B44E-FE7C5687BFAB}.Release|ARM.Build.0 = Release|Any CPU
		{348FA3B2-19A9-44B4-B44E-FE7C5687BFAB}.Release|ARM.Deploy.0 = Release|Any CPU
		{348FA3B2-19A9-44B4-B44E-FE7C5687BFAB}.Release|iPhone.ActiveCfg = Release|Any CPU
		{348FA3B2-19A9-44B4-B44E-FE7C5687BFAB}.Release|iPhone.Build.0 = Release|Any CPU
		{348FA3B2-19A9-44B4-B44E-FE7C5687BFAB}.Release|iPhone.Deploy.0 = Release|Any CPU
		{348FA3B2-19A9-44B4-B44E-FE7C5687BFAB}.Release|iPhoneSimulator.ActiveCfg = Release|Any CPU
		{348FA3B2-19A9-44B4-B44E-FE7C5687BFAB}.Release|iPhoneSimulator.Build.0 = Release|Any CPU
		{348FA3B2-19A9-44B4-B44E-FE7C5687BFAB}.Release|iPhoneSimulator.Deploy.0 = Release|Any CPU
		{348FA3B2-19A9-44B4-B44E-FE7C5687BFAB}.Release|x64.ActiveCfg = Release|Any CPU
		{348FA3B2-19A9-44B4-B44E-FE7C5687BFAB}.Release|x64.Build.0 = Release|Any CPU
		{348FA3B2-19A9-44B4-B44E-FE7C5687BFAB}.Release|x64.Deploy.0 = Release|Any CPU
		{348FA3B2-19A9-44B4-B44E-FE7C5687BFAB}.Release|x86.ActiveCfg = Release|Any CPU
		{348FA3B2-19A9-44B4-B44E-FE7C5687BFAB}.Release|x86.Build.0 = Release|Any CPU
		{348FA3B2-19A9-44B4-B44E-FE7C5687BFAB}.Release|x86.Deploy.0 = Release|Any CPU
		{BA572876-8AD5-441A-88A5-CB9055DF6FFA}.Ad-Hoc|Any CPU.ActiveCfg = Ad-Hoc|iPhone
		{BA572876-8AD5-441A-88A5-CB9055DF6FFA}.Ad-Hoc|ARM.ActiveCfg = Ad-Hoc|iPhone
		{BA572876-8AD5-441A-88A5-CB9055DF6FFA}.Ad-Hoc|iPhone.ActiveCfg = Ad-Hoc|iPhone
		{BA572876-8AD5-441A-88A5-CB9055DF6FFA}.Ad-Hoc|iPhone.Build.0 = Ad-Hoc|iPhone
		{BA572876-8AD5-441A-88A5-CB9055DF6FFA}.Ad-Hoc|iPhoneSimulator.ActiveCfg = Ad-Hoc|iPhoneSimulator
		{BA572876-8AD5-441A-88A5-CB9055DF6FFA}.Ad-Hoc|iPhoneSimulator.Build.0 = Ad-Hoc|iPhoneSimulator
		{BA572876-8AD5-441A-88A5-CB9055DF6FFA}.Ad-Hoc|x64.ActiveCfg = Ad-Hoc|iPhone
		{BA572876-8AD5-441A-88A5-CB9055DF6FFA}.Ad-Hoc|x86.ActiveCfg = Ad-Hoc|iPhone
		{BA572876-8AD5-441A-88A5-CB9055DF6FFA}.AppStore|Any CPU.ActiveCfg = AppStore|iPhone
		{BA572876-8AD5-441A-88A5-CB9055DF6FFA}.AppStore|ARM.ActiveCfg = AppStore|iPhone
		{BA572876-8AD5-441A-88A5-CB9055DF6FFA}.AppStore|iPhone.ActiveCfg = AppStore|iPhone
		{BA572876-8AD5-441A-88A5-CB9055DF6FFA}.AppStore|iPhone.Build.0 = AppStore|iPhone
		{BA572876-8AD5-441A-88A5-CB9055DF6FFA}.AppStore|iPhoneSimulator.ActiveCfg = AppStore|iPhoneSimulator
		{BA572876-8AD5-441A-88A5-CB9055DF6FFA}.AppStore|iPhoneSimulator.Build.0 = AppStore|iPhoneSimulator
		{BA572876-8AD5-441A-88A5-CB9055DF6FFA}.AppStore|x64.ActiveCfg = AppStore|iPhone
		{BA572876-8AD5-441A-88A5-CB9055DF6FFA}.AppStore|x86.ActiveCfg = AppStore|iPhone
		{BA572876-8AD5-441A-88A5-CB9055DF6FFA}.Debug|Any CPU.ActiveCfg = Debug|iPhone
		{BA572876-8AD5-441A-88A5-CB9055DF6FFA}.Debug|ARM.ActiveCfg = Debug|iPhone
		{BA572876-8AD5-441A-88A5-CB9055DF6FFA}.Debug|iPhone.ActiveCfg = Debug|iPhone
		{BA572876-8AD5-441A-88A5-CB9055DF6FFA}.Debug|iPhone.Build.0 = Debug|iPhone
		{BA572876-8AD5-441A-88A5-CB9055DF6FFA}.Debug|iPhoneSimulator.ActiveCfg = Debug|iPhoneSimulator
		{BA572876-8AD5-441A-88A5-CB9055DF6FFA}.Debug|iPhoneSimulator.Build.0 = Debug|iPhoneSimulator
		{BA572876-8AD5-441A-88A5-CB9055DF6FFA}.Debug|x64.ActiveCfg = Debug|iPhone
		{BA572876-8AD5-441A-88A5-CB9055DF6FFA}.Debug|x86.ActiveCfg = Debug|iPhone
		{BA572876-8AD5-441A-88A5-CB9055DF6FFA}.Release|Any CPU.ActiveCfg = Release|iPhone
		{BA572876-8AD5-441A-88A5-CB9055DF6FFA}.Release|ARM.ActiveCfg = Release|iPhone
		{BA572876-8AD5-441A-88A5-CB9055DF6FFA}.Release|iPhone.ActiveCfg = Release|iPhone
		{BA572876-8AD5-441A-88A5-CB9055DF6FFA}.Release|iPhone.Build.0 = Release|iPhone
		{BA572876-8AD5-441A-88A5-CB9055DF6FFA}.Release|iPhoneSimulator.ActiveCfg = Release|iPhoneSimulator
		{BA572876-8AD5-441A-88A5-CB9055DF6FFA}.Release|iPhoneSimulator.Build.0 = Release|iPhoneSimulator
		{BA572876-8AD5-441A-88A5-CB9055DF6FFA}.Release|x64.ActiveCfg = Release|iPhone
		{BA572876-8AD5-441A-88A5-CB9055DF6FFA}.Release|x86.ActiveCfg = Release|iPhone
		{ED3AC736-D780-41B8-ACB1-74778C497B43}.Ad-Hoc|Any CPU.ActiveCfg = Release|Any CPU
		{ED3AC736-D780-41B8-ACB1-74778C497B43}.Ad-Hoc|Any CPU.Build.0 = Release|Any CPU
		{ED3AC736-D780-41B8-ACB1-74778C497B43}.Ad-Hoc|Any CPU.Deploy.0 = Release|Any CPU
		{ED3AC736-D780-41B8-ACB1-74778C497B43}.Ad-Hoc|ARM.ActiveCfg = Release|ARM
		{ED3AC736-D780-41B8-ACB1-74778C497B43}.Ad-Hoc|ARM.Build.0 = Release|ARM
		{ED3AC736-D780-41B8-ACB1-74778C497B43}.Ad-Hoc|ARM.Deploy.0 = Release|ARM
		{ED3AC736-D780-41B8-ACB1-74778C497B43}.Ad-Hoc|iPhone.ActiveCfg = Release|Any CPU
		{ED3AC736-D780-41B8-ACB1-74778C497B43}.Ad-Hoc|iPhone.Build.0 = Release|Any CPU
		{ED3AC736-D780-41B8-ACB1-74778C497B43}.Ad-Hoc|iPhone.Deploy.0 = Release|Any CPU
		{ED3AC736-D780-41B8-ACB1-74778C497B43}.Ad-Hoc|iPhoneSimulator.ActiveCfg = Release|Any CPU
		{ED3AC736-D780-41B8-ACB1-74778C497B43}.Ad-Hoc|iPhoneSimulator.Build.0 = Release|Any CPU
		{ED3AC736-D780-41B8-ACB1-74778C497B43}.Ad-Hoc|iPhoneSimulator.Deploy.0 = Release|Any CPU
		{ED3AC736-D780-41B8-ACB1-74778C497B43}.Ad-Hoc|x64.ActiveCfg = Release|Any CPU
		{ED3AC736-D780-41B8-ACB1-74778C497B43}.Ad-Hoc|x64.Build.0 = Release|Any CPU
		{ED3AC736-D780-41B8-ACB1-74778C497B43}.Ad-Hoc|x64.Deploy.0 = Release|Any CPU
		{ED3AC736-D780-41B8-ACB1-74778C497B43}.Ad-Hoc|x86.ActiveCfg = Release|x86
		{ED3AC736-D780-41B8-ACB1-74778C497B43}.Ad-Hoc|x86.Build.0 = Release|x86
		{ED3AC736-D780-41B8-ACB1-74778C497B43}.Ad-Hoc|x86.Deploy.0 = Release|x86
		{ED3AC736-D780-41B8-ACB1-74778C497B43}.AppStore|Any CPU.ActiveCfg = Release|Any CPU
		{ED3AC736-D780-41B8-ACB1-74778C497B43}.AppStore|Any CPU.Build.0 = Release|Any CPU
		{ED3AC736-D780-41B8-ACB1-74778C497B43}.AppStore|Any CPU.Deploy.0 = Release|Any CPU
		{ED3AC736-D780-41B8-ACB1-74778C497B43}.AppStore|ARM.ActiveCfg = Release|ARM
		{ED3AC736-D780-41B8-ACB1-74778C497B43}.AppStore|ARM.Build.0 = Release|ARM
		{ED3AC736-D780-41B8-ACB1-74778C497B43}.AppStore|ARM.Deploy.0 = Release|ARM
		{ED3AC736-D780-41B8-ACB1-74778C497B43}.AppStore|iPhone.ActiveCfg = Release|Any CPU
		{ED3AC736-D780-41B8-ACB1-74778C497B43}.AppStore|iPhone.Build.0 = Release|Any CPU
		{ED3AC736-D780-41B8-ACB1-74778C497B43}.AppStore|iPhone.Deploy.0 = Release|Any CPU
		{ED3AC736-D780-41B8-ACB1-74778C497B43}.AppStore|iPhoneSimulator.ActiveCfg = Release|Any CPU
		{ED3AC736-D780-41B8-ACB1-74778C497B43}.AppStore|iPhoneSimulator.Build.0 = Release|Any CPU
		{ED3AC736-D780-41B8-ACB1-74778C497B43}.AppStore|iPhoneSimulator.Deploy.0 = Release|Any CPU
		{ED3AC736-D780-41B8-ACB1-74778C497B43}.AppStore|x64.ActiveCfg = Release|Any CPU
		{ED3AC736-D780-41B8-ACB1-74778C497B43}.AppStore|x64.Build.0 = Release|Any CPU
		{ED3AC736-D780-41B8-ACB1-74778C497B43}.AppStore|x64.Deploy.0 = Release|Any CPU
		{ED3AC736-D780-41B8-ACB1-74778C497B43}.AppStore|x86.ActiveCfg = Release|x86
		{ED3AC736-D780-41B8-ACB1-74778C497B43}.AppStore|x86.Build.0 = Release|x86
		{ED3AC736-D780-41B8-ACB1-74778C497B43}.AppStore|x86.Deploy.0 = Release|x86
		{ED3AC736-D780-41B8-ACB1-74778C497B43}.Debug|Any CPU.ActiveCfg = Debug|Any CPU
		{ED3AC736-D780-41B8-ACB1-74778C497B43}.Debug|Any CPU.Build.0 = Debug|Any CPU
		{ED3AC736-D780-41B8-ACB1-74778C497B43}.Debug|Any CPU.Deploy.0 = Debug|Any CPU
		{ED3AC736-D780-41B8-ACB1-74778C497B43}.Debug|ARM.ActiveCfg = Debug|ARM
		{ED3AC736-D780-41B8-ACB1-74778C497B43}.Debug|ARM.Build.0 = Debug|ARM
		{ED3AC736-D780-41B8-ACB1-74778C497B43}.Debug|ARM.Deploy.0 = Debug|ARM
		{ED3AC736-D780-41B8-ACB1-74778C497B43}.Debug|iPhone.ActiveCfg = Debug|Any CPU
		{ED3AC736-D780-41B8-ACB1-74778C497B43}.Debug|iPhone.Build.0 = Debug|Any CPU
		{ED3AC736-D780-41B8-ACB1-74778C497B43}.Debug|iPhone.Deploy.0 = Debug|Any CPU
		{ED3AC736-D780-41B8-ACB1-74778C497B43}.Debug|iPhoneSimulator.ActiveCfg = Debug|Any CPU
		{ED3AC736-D780-41B8-ACB1-74778C497B43}.Debug|iPhoneSimulator.Build.0 = Debug|Any CPU
		{ED3AC736-D780-41B8-ACB1-74778C497B43}.Debug|iPhoneSimulator.Deploy.0 = Debug|Any CPU
		{ED3AC736-D780-41B8-ACB1-74778C497B43}.Debug|x64.ActiveCfg = Debug|Any CPU
		{ED3AC736-D780-41B8-ACB1-74778C497B43}.Debug|x64.Build.0 = Debug|Any CPU
		{ED3AC736-D780-41B8-ACB1-74778C497B43}.Debug|x64.Deploy.0 = Debug|Any CPU
		{ED3AC736-D780-41B8-ACB1-74778C497B43}.Debug|x86.ActiveCfg = Debug|x86
		{ED3AC736-D780-41B8-ACB1-74778C497B43}.Debug|x86.Build.0 = Debug|x86
		{ED3AC736-D780-41B8-ACB1-74778C497B43}.Debug|x86.Deploy.0 = Debug|x86
		{ED3AC736-D780-41B8-ACB1-74778C497B43}.Release|Any CPU.ActiveCfg = Release|Any CPU
		{ED3AC736-D780-41B8-ACB1-74778C497B43}.Release|Any CPU.Build.0 = Release|Any CPU
		{ED3AC736-D780-41B8-ACB1-74778C497B43}.Release|Any CPU.Deploy.0 = Release|Any CPU
		{ED3AC736-D780-41B8-ACB1-74778C497B43}.Release|ARM.ActiveCfg = Release|ARM
		{ED3AC736-D780-41B8-ACB1-74778C497B43}.Release|ARM.Build.0 = Release|ARM
		{ED3AC736-D780-41B8-ACB1-74778C497B43}.Release|ARM.Deploy.0 = Release|ARM
		{ED3AC736-D780-41B8-ACB1-74778C497B43}.Release|iPhone.ActiveCfg = Release|Any CPU
		{ED3AC736-D780-41B8-ACB1-74778C497B43}.Release|iPhone.Build.0 = Release|Any CPU
		{ED3AC736-D780-41B8-ACB1-74778C497B43}.Release|iPhone.Deploy.0 = Release|Any CPU
		{ED3AC736-D780-41B8-ACB1-74778C497B43}.Release|iPhoneSimulator.ActiveCfg = Release|Any CPU
		{ED3AC736-D780-41B8-ACB1-74778C497B43}.Release|iPhoneSimulator.Build.0 = Release|Any CPU
		{ED3AC736-D780-41B8-ACB1-74778C497B43}.Release|iPhoneSimulator.Deploy.0 = Release|Any CPU
		{ED3AC736-D780-41B8-ACB1-74778C497B43}.Release|x64.ActiveCfg = Release|Any CPU
		{ED3AC736-D780-41B8-ACB1-74778C497B43}.Release|x64.Build.0 = Release|Any CPU
		{ED3AC736-D780-41B8-ACB1-74778C497B43}.Release|x64.Deploy.0 = Release|Any CPU
		{ED3AC736-D780-41B8-ACB1-74778C497B43}.Release|x86.ActiveCfg = Release|x86
		{ED3AC736-D780-41B8-ACB1-74778C497B43}.Release|x86.Build.0 = Release|x86
		{ED3AC736-D780-41B8-ACB1-74778C497B43}.Release|x86.Deploy.0 = Release|x86
		{229B3580-0D4E-4568-9863-D539D7EA710E}.Ad-Hoc|Any CPU.ActiveCfg = Release|x86
		{229B3580-0D4E-4568-9863-D539D7EA710E}.Ad-Hoc|Any CPU.Build.0 = Release|x86
		{229B3580-0D4E-4568-9863-D539D7EA710E}.Ad-Hoc|Any CPU.Deploy.0 = Release|x86
		{229B3580-0D4E-4568-9863-D539D7EA710E}.Ad-Hoc|ARM.ActiveCfg = Release|ARM
		{229B3580-0D4E-4568-9863-D539D7EA710E}.Ad-Hoc|ARM.Build.0 = Release|ARM
		{229B3580-0D4E-4568-9863-D539D7EA710E}.Ad-Hoc|ARM.Deploy.0 = Release|ARM
		{229B3580-0D4E-4568-9863-D539D7EA710E}.Ad-Hoc|iPhone.ActiveCfg = Release|x86
		{229B3580-0D4E-4568-9863-D539D7EA710E}.Ad-Hoc|iPhone.Build.0 = Release|x86
		{229B3580-0D4E-4568-9863-D539D7EA710E}.Ad-Hoc|iPhone.Deploy.0 = Release|x86
		{229B3580-0D4E-4568-9863-D539D7EA710E}.Ad-Hoc|iPhoneSimulator.ActiveCfg = Release|x86
		{229B3580-0D4E-4568-9863-D539D7EA710E}.Ad-Hoc|iPhoneSimulator.Build.0 = Release|x86
		{229B3580-0D4E-4568-9863-D539D7EA710E}.Ad-Hoc|iPhoneSimulator.Deploy.0 = Release|x86
		{229B3580-0D4E-4568-9863-D539D7EA710E}.Ad-Hoc|x64.ActiveCfg = Release|x64
		{229B3580-0D4E-4568-9863-D539D7EA710E}.Ad-Hoc|x64.Build.0 = Release|x64
		{229B3580-0D4E-4568-9863-D539D7EA710E}.Ad-Hoc|x64.Deploy.0 = Release|x64
		{229B3580-0D4E-4568-9863-D539D7EA710E}.Ad-Hoc|x86.ActiveCfg = Release|x86
		{229B3580-0D4E-4568-9863-D539D7EA710E}.Ad-Hoc|x86.Build.0 = Release|x86
		{229B3580-0D4E-4568-9863-D539D7EA710E}.Ad-Hoc|x86.Deploy.0 = Release|x86
		{229B3580-0D4E-4568-9863-D539D7EA710E}.AppStore|Any CPU.ActiveCfg = Release|x86
		{229B3580-0D4E-4568-9863-D539D7EA710E}.AppStore|Any CPU.Build.0 = Release|x86
		{229B3580-0D4E-4568-9863-D539D7EA710E}.AppStore|Any CPU.Deploy.0 = Release|x86
		{229B3580-0D4E-4568-9863-D539D7EA710E}.AppStore|ARM.ActiveCfg = Release|ARM
		{229B3580-0D4E-4568-9863-D539D7EA710E}.AppStore|ARM.Build.0 = Release|ARM
		{229B3580-0D4E-4568-9863-D539D7EA710E}.AppStore|ARM.Deploy.0 = Release|ARM
		{229B3580-0D4E-4568-9863-D539D7EA710E}.AppStore|iPhone.ActiveCfg = Release|x86
		{229B3580-0D4E-4568-9863-D539D7EA710E}.AppStore|iPhone.Build.0 = Release|x86
		{229B3580-0D4E-4568-9863-D539D7EA710E}.AppStore|iPhone.Deploy.0 = Release|x86
		{229B3580-0D4E-4568-9863-D539D7EA710E}.AppStore|iPhoneSimulator.ActiveCfg = Release|x86
		{229B3580-0D4E-4568-9863-D539D7EA710E}.AppStore|iPhoneSimulator.Build.0 = Release|x86
		{229B3580-0D4E-4568-9863-D539D7EA710E}.AppStore|iPhoneSimulator.Deploy.0 = Release|x86
		{229B3580-0D4E-4568-9863-D539D7EA710E}.AppStore|x64.ActiveCfg = Release|x64
		{229B3580-0D4E-4568-9863-D539D7EA710E}.AppStore|x64.Build.0 = Release|x64
		{229B3580-0D4E-4568-9863-D539D7EA710E}.AppStore|x64.Deploy.0 = Release|x64
		{229B3580-0D4E-4568-9863-D539D7EA710E}.AppStore|x86.ActiveCfg = Release|x86
		{229B3580-0D4E-4568-9863-D539D7EA710E}.AppStore|x86.Build.0 = Release|x86
		{229B3580-0D4E-4568-9863-D539D7EA710E}.AppStore|x86.Deploy.0 = Release|x86
		{229B3580-0D4E-4568-9863-D539D7EA710E}.Debug|Any CPU.ActiveCfg = Debug|x86
		{229B3580-0D4E-4568-9863-D539D7EA710E}.Debug|ARM.ActiveCfg = Debug|ARM
		{229B3580-0D4E-4568-9863-D539D7EA710E}.Debug|ARM.Build.0 = Debug|ARM
		{229B3580-0D4E-4568-9863-D539D7EA710E}.Debug|ARM.Deploy.0 = Debug|ARM
		{229B3580-0D4E-4568-9863-D539D7EA710E}.Debug|iPhone.ActiveCfg = Debug|x86
		{229B3580-0D4E-4568-9863-D539D7EA710E}.Debug|iPhoneSimulator.ActiveCfg = Debug|x86
		{229B3580-0D4E-4568-9863-D539D7EA710E}.Debug|x64.ActiveCfg = Debug|x64
		{229B3580-0D4E-4568-9863-D539D7EA710E}.Debug|x64.Build.0 = Debug|x64
		{229B3580-0D4E-4568-9863-D539D7EA710E}.Debug|x64.Deploy.0 = Debug|x64
		{229B3580-0D4E-4568-9863-D539D7EA710E}.Debug|x86.ActiveCfg = Debug|x86
		{229B3580-0D4E-4568-9863-D539D7EA710E}.Debug|x86.Build.0 = Debug|x86
		{229B3580-0D4E-4568-9863-D539D7EA710E}.Debug|x86.Deploy.0 = Debug|x86
		{229B3580-0D4E-4568-9863-D539D7EA710E}.Release|Any CPU.ActiveCfg = Release|x86
		{229B3580-0D4E-4568-9863-D539D7EA710E}.Release|ARM.ActiveCfg = Release|ARM
		{229B3580-0D4E-4568-9863-D539D7EA710E}.Release|ARM.Build.0 = Release|ARM
		{229B3580-0D4E-4568-9863-D539D7EA710E}.Release|ARM.Deploy.0 = Release|ARM
		{229B3580-0D4E-4568-9863-D539D7EA710E}.Release|iPhone.ActiveCfg = Release|x86
		{229B3580-0D4E-4568-9863-D539D7EA710E}.Release|iPhoneSimulator.ActiveCfg = Release|x86
		{229B3580-0D4E-4568-9863-D539D7EA710E}.Release|x64.ActiveCfg = Release|x64
		{229B3580-0D4E-4568-9863-D539D7EA710E}.Release|x64.Build.0 = Release|x64
		{229B3580-0D4E-4568-9863-D539D7EA710E}.Release|x64.Deploy.0 = Release|x64
		{229B3580-0D4E-4568-9863-D539D7EA710E}.Release|x86.ActiveCfg = Release|x86
		{229B3580-0D4E-4568-9863-D539D7EA710E}.Release|x86.Build.0 = Release|x86
		{229B3580-0D4E-4568-9863-D539D7EA710E}.Release|x86.Deploy.0 = Release|x86
		{03ACB17D-0D1C-470F-82CC-577BA7926218}.Ad-Hoc|Any CPU.ActiveCfg = Release|Any CPU
		{03ACB17D-0D1C-470F-82CC-577BA7926218}.Ad-Hoc|Any CPU.Build.0 = Release|Any CPU
		{03ACB17D-0D1C-470F-82CC-577BA7926218}.Ad-Hoc|Any CPU.Deploy.0 = Release|Any CPU
		{03ACB17D-0D1C-470F-82CC-577BA7926218}.Ad-Hoc|ARM.ActiveCfg = Release|ARM
		{03ACB17D-0D1C-470F-82CC-577BA7926218}.Ad-Hoc|ARM.Build.0 = Release|ARM
		{03ACB17D-0D1C-470F-82CC-577BA7926218}.Ad-Hoc|ARM.Deploy.0 = Release|ARM
		{03ACB17D-0D1C-470F-82CC-577BA7926218}.Ad-Hoc|iPhone.ActiveCfg = Release|Any CPU
		{03ACB17D-0D1C-470F-82CC-577BA7926218}.Ad-Hoc|iPhone.Build.0 = Release|Any CPU
		{03ACB17D-0D1C-470F-82CC-577BA7926218}.Ad-Hoc|iPhone.Deploy.0 = Release|Any CPU
		{03ACB17D-0D1C-470F-82CC-577BA7926218}.Ad-Hoc|iPhoneSimulator.ActiveCfg = Release|Any CPU
		{03ACB17D-0D1C-470F-82CC-577BA7926218}.Ad-Hoc|iPhoneSimulator.Build.0 = Release|Any CPU
		{03ACB17D-0D1C-470F-82CC-577BA7926218}.Ad-Hoc|iPhoneSimulator.Deploy.0 = Release|Any CPU
		{03ACB17D-0D1C-470F-82CC-577BA7926218}.Ad-Hoc|x64.ActiveCfg = Release|x64
		{03ACB17D-0D1C-470F-82CC-577BA7926218}.Ad-Hoc|x64.Build.0 = Release|x64
		{03ACB17D-0D1C-470F-82CC-577BA7926218}.Ad-Hoc|x64.Deploy.0 = Release|x64
		{03ACB17D-0D1C-470F-82CC-577BA7926218}.Ad-Hoc|x86.ActiveCfg = Release|x86
		{03ACB17D-0D1C-470F-82CC-577BA7926218}.Ad-Hoc|x86.Build.0 = Release|x86
		{03ACB17D-0D1C-470F-82CC-577BA7926218}.Ad-Hoc|x86.Deploy.0 = Release|x86
		{03ACB17D-0D1C-470F-82CC-577BA7926218}.AppStore|Any CPU.ActiveCfg = Release|Any CPU
		{03ACB17D-0D1C-470F-82CC-577BA7926218}.AppStore|Any CPU.Build.0 = Release|Any CPU
		{03ACB17D-0D1C-470F-82CC-577BA7926218}.AppStore|Any CPU.Deploy.0 = Release|Any CPU
		{03ACB17D-0D1C-470F-82CC-577BA7926218}.AppStore|ARM.ActiveCfg = Release|ARM
		{03ACB17D-0D1C-470F-82CC-577BA7926218}.AppStore|ARM.Build.0 = Release|ARM
		{03ACB17D-0D1C-470F-82CC-577BA7926218}.AppStore|ARM.Deploy.0 = Release|ARM
		{03ACB17D-0D1C-470F-82CC-577BA7926218}.AppStore|iPhone.ActiveCfg = Release|Any CPU
		{03ACB17D-0D1C-470F-82CC-577BA7926218}.AppStore|iPhone.Build.0 = Release|Any CPU
		{03ACB17D-0D1C-470F-82CC-577BA7926218}.AppStore|iPhone.Deploy.0 = Release|Any CPU
		{03ACB17D-0D1C-470F-82CC-577BA7926218}.AppStore|iPhoneSimulator.ActiveCfg = Release|Any CPU
		{03ACB17D-0D1C-470F-82CC-577BA7926218}.AppStore|iPhoneSimulator.Build.0 = Release|Any CPU
		{03ACB17D-0D1C-470F-82CC-577BA7926218}.AppStore|iPhoneSimulator.Deploy.0 = Release|Any CPU
		{03ACB17D-0D1C-470F-82CC-577BA7926218}.AppStore|x64.ActiveCfg = Release|x64
		{03ACB17D-0D1C-470F-82CC-577BA7926218}.AppStore|x64.Build.0 = Release|x64
		{03ACB17D-0D1C-470F-82CC-577BA7926218}.AppStore|x64.Deploy.0 = Release|x64
		{03ACB17D-0D1C-470F-82CC-577BA7926218}.AppStore|x86.ActiveCfg = Release|x86
		{03ACB17D-0D1C-470F-82CC-577BA7926218}.AppStore|x86.Build.0 = Release|x86
		{03ACB17D-0D1C-470F-82CC-577BA7926218}.AppStore|x86.Deploy.0 = Release|x86
		{03ACB17D-0D1C-470F-82CC-577BA7926218}.Debug|Any CPU.ActiveCfg = Debug|Any CPU
		{03ACB17D-0D1C-470F-82CC-577BA7926218}.Debug|Any CPU.Build.0 = Debug|Any CPU
		{03ACB17D-0D1C-470F-82CC-577BA7926218}.Debug|Any CPU.Deploy.0 = Debug|Any CPU
		{03ACB17D-0D1C-470F-82CC-577BA7926218}.Debug|ARM.ActiveCfg = Debug|ARM
		{03ACB17D-0D1C-470F-82CC-577BA7926218}.Debug|ARM.Build.0 = Debug|ARM
		{03ACB17D-0D1C-470F-82CC-577BA7926218}.Debug|ARM.Deploy.0 = Debug|ARM
		{03ACB17D-0D1C-470F-82CC-577BA7926218}.Debug|iPhone.ActiveCfg = Debug|Any CPU
		{03ACB17D-0D1C-470F-82CC-577BA7926218}.Debug|iPhone.Build.0 = Debug|Any CPU
		{03ACB17D-0D1C-470F-82CC-577BA7926218}.Debug|iPhone.Deploy.0 = Debug|Any CPU
		{03ACB17D-0D1C-470F-82CC-577BA7926218}.Debug|iPhoneSimulator.ActiveCfg = Debug|Any CPU
		{03ACB17D-0D1C-470F-82CC-577BA7926218}.Debug|iPhoneSimulator.Build.0 = Debug|Any CPU
		{03ACB17D-0D1C-470F-82CC-577BA7926218}.Debug|iPhoneSimulator.Deploy.0 = Debug|Any CPU
		{03ACB17D-0D1C-470F-82CC-577BA7926218}.Debug|x64.ActiveCfg = Debug|x64
		{03ACB17D-0D1C-470F-82CC-577BA7926218}.Debug|x64.Build.0 = Debug|x64
		{03ACB17D-0D1C-470F-82CC-577BA7926218}.Debug|x64.Deploy.0 = Debug|x64
		{03ACB17D-0D1C-470F-82CC-577BA7926218}.Debug|x86.ActiveCfg = Debug|x86
		{03ACB17D-0D1C-470F-82CC-577BA7926218}.Debug|x86.Build.0 = Debug|x86
		{03ACB17D-0D1C-470F-82CC-577BA7926218}.Debug|x86.Deploy.0 = Debug|x86
		{03ACB17D-0D1C-470F-82CC-577BA7926218}.Release|Any CPU.ActiveCfg = Release|Any CPU
		{03ACB17D-0D1C-470F-82CC-577BA7926218}.Release|Any CPU.Build.0 = Release|Any CPU
		{03ACB17D-0D1C-470F-82CC-577BA7926218}.Release|Any CPU.Deploy.0 = Release|Any CPU
		{03ACB17D-0D1C-470F-82CC-577BA7926218}.Release|ARM.ActiveCfg = Release|ARM
		{03ACB17D-0D1C-470F-82CC-577BA7926218}.Release|ARM.Build.0 = Release|ARM
		{03ACB17D-0D1C-470F-82CC-577BA7926218}.Release|ARM.Deploy.0 = Release|ARM
		{03ACB17D-0D1C-470F-82CC-577BA7926218}.Release|iPhone.ActiveCfg = Release|Any CPU
		{03ACB17D-0D1C-470F-82CC-577BA7926218}.Release|iPhone.Build.0 = Release|Any CPU
		{03ACB17D-0D1C-470F-82CC-577BA7926218}.Release|iPhone.Deploy.0 = Release|Any CPU
		{03ACB17D-0D1C-470F-82CC-577BA7926218}.Release|iPhoneSimulator.ActiveCfg = Release|Any CPU
		{03ACB17D-0D1C-470F-82CC-577BA7926218}.Release|iPhoneSimulator.Build.0 = Release|Any CPU
		{03ACB17D-0D1C-470F-82CC-577BA7926218}.Release|iPhoneSimulator.Deploy.0 = Release|Any CPU
		{03ACB17D-0D1C-470F-82CC-577BA7926218}.Release|x64.ActiveCfg = Release|x64
		{03ACB17D-0D1C-470F-82CC-577BA7926218}.Release|x64.Build.0 = Release|x64
		{03ACB17D-0D1C-470F-82CC-577BA7926218}.Release|x64.Deploy.0 = Release|x64
		{03ACB17D-0D1C-470F-82CC-577BA7926218}.Release|x86.ActiveCfg = Release|x86
		{03ACB17D-0D1C-470F-82CC-577BA7926218}.Release|x86.Build.0 = Release|x86
		{03ACB17D-0D1C-470F-82CC-577BA7926218}.Release|x86.Deploy.0 = Release|x86
		{7D7E2839-7981-411C-92FD-AEFFD256F92B}.Ad-Hoc|Any CPU.ActiveCfg = Release|Any CPU
		{7D7E2839-7981-411C-92FD-AEFFD256F92B}.Ad-Hoc|Any CPU.Build.0 = Release|Any CPU
		{7D7E2839-7981-411C-92FD-AEFFD256F92B}.Ad-Hoc|ARM.ActiveCfg = Release|Any CPU
		{7D7E2839-7981-411C-92FD-AEFFD256F92B}.Ad-Hoc|ARM.Build.0 = Release|Any CPU
		{7D7E2839-7981-411C-92FD-AEFFD256F92B}.Ad-Hoc|iPhone.ActiveCfg = Release|Any CPU
		{7D7E2839-7981-411C-92FD-AEFFD256F92B}.Ad-Hoc|iPhone.Build.0 = Release|Any CPU
		{7D7E2839-7981-411C-92FD-AEFFD256F92B}.Ad-Hoc|iPhoneSimulator.ActiveCfg = Release|Any CPU
		{7D7E2839-7981-411C-92FD-AEFFD256F92B}.Ad-Hoc|iPhoneSimulator.Build.0 = Release|Any CPU
		{7D7E2839-7981-411C-92FD-AEFFD256F92B}.Ad-Hoc|x64.ActiveCfg = Release|Any CPU
		{7D7E2839-7981-411C-92FD-AEFFD256F92B}.Ad-Hoc|x64.Build.0 = Release|Any CPU
		{7D7E2839-7981-411C-92FD-AEFFD256F92B}.Ad-Hoc|x86.ActiveCfg = Release|Any CPU
		{7D7E2839-7981-411C-92FD-AEFFD256F92B}.Ad-Hoc|x86.Build.0 = Release|Any CPU
		{7D7E2839-7981-411C-92FD-AEFFD256F92B}.AppStore|Any CPU.ActiveCfg = Release|Any CPU
		{7D7E2839-7981-411C-92FD-AEFFD256F92B}.AppStore|Any CPU.Build.0 = Release|Any CPU
		{7D7E2839-7981-411C-92FD-AEFFD256F92B}.AppStore|ARM.ActiveCfg = Release|Any CPU
		{7D7E2839-7981-411C-92FD-AEFFD256F92B}.AppStore|ARM.Build.0 = Release|Any CPU
		{7D7E2839-7981-411C-92FD-AEFFD256F92B}.AppStore|iPhone.ActiveCfg = Release|Any CPU
		{7D7E2839-7981-411C-92FD-AEFFD256F92B}.AppStore|iPhone.Build.0 = Release|Any CPU
		{7D7E2839-7981-411C-92FD-AEFFD256F92B}.AppStore|iPhoneSimulator.ActiveCfg = Release|Any CPU
		{7D7E2839-7981-411C-92FD-AEFFD256F92B}.AppStore|iPhoneSimulator.Build.0 = Release|Any CPU
		{7D7E2839-7981-411C-92FD-AEFFD256F92B}.AppStore|x64.ActiveCfg = Release|Any CPU
		{7D7E2839-7981-411C-92FD-AEFFD256F92B}.AppStore|x64.Build.0 = Release|Any CPU
		{7D7E2839-7981-411C-92FD-AEFFD256F92B}.AppStore|x86.ActiveCfg = Release|Any CPU
		{7D7E2839-7981-411C-92FD-AEFFD256F92B}.AppStore|x86.Build.0 = Release|Any CPU
		{7D7E2839-7981-411C-92FD-AEFFD256F92B}.Debug|Any CPU.ActiveCfg = Debug|Any CPU
		{7D7E2839-7981-411C-92FD-AEFFD256F92B}.Debug|Any CPU.Build.0 = Debug|Any CPU
		{7D7E2839-7981-411C-92FD-AEFFD256F92B}.Debug|ARM.ActiveCfg = Debug|Any CPU
		{7D7E2839-7981-411C-92FD-AEFFD256F92B}.Debug|ARM.Build.0 = Debug|Any CPU
		{7D7E2839-7981-411C-92FD-AEFFD256F92B}.Debug|iPhone.ActiveCfg = Debug|Any CPU
		{7D7E2839-7981-411C-92FD-AEFFD256F92B}.Debug|iPhone.Build.0 = Debug|Any CPU
		{7D7E2839-7981-411C-92FD-AEFFD256F92B}.Debug|iPhoneSimulator.ActiveCfg = Debug|Any CPU
		{7D7E2839-7981-411C-92FD-AEFFD256F92B}.Debug|iPhoneSimulator.Build.0 = Debug|Any CPU
		{7D7E2839-7981-411C-92FD-AEFFD256F92B}.Debug|x64.ActiveCfg = Debug|Any CPU
		{7D7E2839-7981-411C-92FD-AEFFD256F92B}.Debug|x64.Build.0 = Debug|Any CPU
		{7D7E2839-7981-411C-92FD-AEFFD256F92B}.Debug|x86.ActiveCfg = Debug|Any CPU
		{7D7E2839-7981-411C-92FD-AEFFD256F92B}.Debug|x86.Build.0 = Debug|Any CPU
		{7D7E2839-7981-411C-92FD-AEFFD256F92B}.Release|Any CPU.ActiveCfg = Release|Any CPU
		{7D7E2839-7981-411C-92FD-AEFFD256F92B}.Release|Any CPU.Build.0 = Release|Any CPU
		{7D7E2839-7981-411C-92FD-AEFFD256F92B}.Release|ARM.ActiveCfg = Release|Any CPU
		{7D7E2839-7981-411C-92FD-AEFFD256F92B}.Release|ARM.Build.0 = Release|Any CPU
		{7D7E2839-7981-411C-92FD-AEFFD256F92B}.Release|iPhone.ActiveCfg = Release|Any CPU
		{7D7E2839-7981-411C-92FD-AEFFD256F92B}.Release|iPhone.Build.0 = Release|Any CPU
		{7D7E2839-7981-411C-92FD-AEFFD256F92B}.Release|iPhoneSimulator.ActiveCfg = Release|Any CPU
		{7D7E2839-7981-411C-92FD-AEFFD256F92B}.Release|iPhoneSimulator.Build.0 = Release|Any CPU
		{7D7E2839-7981-411C-92FD-AEFFD256F92B}.Release|x64.ActiveCfg = Release|Any CPU
		{7D7E2839-7981-411C-92FD-AEFFD256F92B}.Release|x64.Build.0 = Release|Any CPU
		{7D7E2839-7981-411C-92FD-AEFFD256F92B}.Release|x86.ActiveCfg = Release|Any CPU
		{7D7E2839-7981-411C-92FD-AEFFD256F92B}.Release|x86.Build.0 = Release|Any CPU
	EndGlobalSection
	GlobalSection(SolutionProperties) = preSolution
		HideSolutionNode = FALSE
	EndGlobalSection
EndGlobal
